
Microsoft Visual Studio Solution File, Format Version 12.00
# Visual Studio 15
VisualStudioVersion = 15.0.28307.1209
MinimumVisualStudioVersion = 10.0.40219.1
Project("{FAE04EC0-301F-11D3-BF4B-00C04F79EFBC}") = "XstReader", "src\XstReader\XstReader.csproj", "{BB8E0530-8EA6-4E02-9399-03A9AB13705F}"
EndProject
Project("{FAE04EC0-301F-11D3-BF4B-00C04F79EFBC}") = "XstReader.Base", "src\XstReader.Base\XstReader.Base.csproj", "{2C78D8BD-BB0C-41A0-8E55-23CA97D7FA68}"
EndProject
Project("{FAE04EC0-301F-11D3-BF4B-00C04F79EFBC}") = "XstExport", "src\XstExport\XstExport.csproj", "{C2753A62-A0BD-41AE-B029-59CE54BFC007}"
EndProject
Project("{2150E333-8FDC-42A3-9474-1A3956D46DE8}") = "tests", "tests", "{0AB3BF05-4346-4AA6-1389-037BE0695223}"
EndProject
Project("{FAE04EC0-301F-11D3-BF4B-00C04F79EFBC}") = "XstReader.Base.Tests", "tests\XstReader.Base.Tests\XstReader.Base.Tests.csproj", "{27702A13-2751-4AD3-8EBE-42B1F8BDCAB3}"
EndProject
Global
	GlobalSection(SolutionConfigurationPlatforms) = preSolution
		Debug|Any CPU = Debug|Any CPU
		Debug|x64 = Debug|x64
		Debug|x86 = Debug|x86
		Release|Any CPU = Release|Any CPU
		Release|x64 = Release|x64
		Release|x86 = Release|x86
	EndGlobalSection
	GlobalSection(ProjectConfigurationPlatforms) = postSolution
		{BB8E0530-8EA6-4E02-9399-03A9AB13705F}.Debug|Any CPU.ActiveCfg = Debug|Any CPU
		{BB8E0530-8EA6-4E02-9399-03A9AB13705F}.Debug|Any CPU.Build.0 = Debug|Any CPU
		{BB8E0530-8EA6-4E02-9399-03A9AB13705F}.Debug|x64.ActiveCfg = Debug|Any CPU
		{BB8E0530-8EA6-4E02-9399-03A9AB13705F}.Debug|x64.Build.0 = Debug|Any CPU
		{BB8E0530-8EA6-4E02-9399-03A9AB13705F}.Debug|x86.ActiveCfg = Debug|Any CPU
		{BB8E0530-8EA6-4E02-9399-03A9AB13705F}.Debug|x86.Build.0 = Debug|Any CPU
		{BB8E0530-8EA6-4E02-9399-03A9AB13705F}.Release|Any CPU.ActiveCfg = Release|Any CPU
		{BB8E0530-8EA6-4E02-9399-03A9AB13705F}.Release|Any CPU.Build.0 = Release|Any CPU
		{BB8E0530-8EA6-4E02-9399-03A9AB13705F}.Release|x64.ActiveCfg = Release|Any CPU
		{BB8E0530-8EA6-4E02-9399-03A9AB13705F}.Release|x64.Build.0 = Release|Any CPU
		{BB8E0530-8EA6-4E02-9399-03A9AB13705F}.Release|x86.ActiveCfg = Release|Any CPU
		{BB8E0530-8EA6-4E02-9399-03A9AB13705F}.Release|x86.Build.0 = Release|Any CPU
		{2C78D8BD-BB0C-41A0-8E55-23CA97D7FA68}.Debug|Any CPU.ActiveCfg = Debug|Any CPU
		{2C78D8BD-BB0C-41A0-8E55-23CA97D7FA68}.Debug|Any CPU.Build.0 = Debug|Any CPU
		{2C78D8BD-BB0C-41A0-8E55-23CA97D7FA68}.Debug|x64.ActiveCfg = Debug|Any CPU
		{2C78D8BD-BB0C-41A0-8E55-23CA97D7FA68}.Debug|x64.Build.0 = Debug|Any CPU
		{2C78D8BD-BB0C-41A0-8E55-23CA97D7FA68}.Debug|x86.ActiveCfg = Debug|Any CPU
		{2C78D8BD-BB0C-41A0-8E55-23CA97D7FA68}.Debug|x86.Build.0 = Debug|Any CPU
		{2C78D8BD-BB0C-41A0-8E55-23CA97D7FA68}.Release|Any CPU.ActiveCfg = Release|Any CPU
		{2C78D8BD-BB0C-41A0-8E55-23CA97D7FA68}.Release|Any CPU.Build.0 = Release|Any CPU
		{2C78D8BD-BB0C-41A0-8E55-23CA97D7FA68}.Release|x64.ActiveCfg = Release|Any CPU
		{2C78D8BD-BB0C-41A0-8E55-23CA97D7FA68}.Release|x64.Build.0 = Release|Any CPU
		{2C78D8BD-BB0C-41A0-8E55-23CA97D7FA68}.Release|x86.ActiveCfg = Release|Any CPU
		{2C78D8BD-BB0C-41A0-8E55-23CA97D7FA68}.Release|x86.Build.0 = Release|Any CPU
		{C2753A62-A0BD-41AE-B029-59CE54BFC007}.Debug|Any CPU.ActiveCfg = Debug|Any CPU
		{C2753A62-A0BD-41AE-B029-59CE54BFC007}.Debug|Any CPU.Build.0 = Debug|Any CPU
		{C2753A62-A0BD-41AE-B029-59CE54BFC007}.Debug|x64.ActiveCfg = Debug|Any CPU
		{C2753A62-A0BD-41AE-B029-59CE54BFC007}.Debug|x64.Build.0 = Debug|Any CPU
		{C2753A62-A0BD-41AE-B029-59CE54BFC007}.Debug|x86.ActiveCfg = Debug|Any CPU
		{C2753A62-A0BD-41AE-B029-59CE54BFC007}.Debug|x86.Build.0 = Debug|Any CPU
		{C2753A62-A0BD-41AE-B029-59CE54BFC007}.Release|Any CPU.ActiveCfg = Release|Any CPU
		{C2753A62-A0BD-41AE-B029-59CE54BFC007}.Release|Any CPU.Build.0 = Release|Any CPU
		{C2753A62-A0BD-41AE-B029-59CE54BFC007}.Release|x64.ActiveCfg = Release|Any CPU
		{C2753A62-A0BD-41AE-B029-59CE54BFC007}.Release|x64.Build.0 = Release|Any CPU
		{C2753A62-A0BD-41AE-B029-59CE54BFC007}.Release|x86.ActiveCfg = Release|Any CPU
		{C2753A62-A0BD-41AE-B029-59CE54BFC007}.Release|x86.Build.0 = Release|Any CPU
		{27702A13-2751-4AD3-8EBE-42B1F8BDCAB3}.Debug|Any CPU.ActiveCfg = Debug|Any CPU
		{27702A13-2751-4AD3-8EBE-42B1F8BDCAB3}.Debug|Any CPU.Build.0 = Debug|Any CPU
		{27702A13-2751-4AD3-8EBE-42B1F8BDCAB3}.Debug|x64.ActiveCfg = Debug|Any CPU
		{27702A13-2751-4AD3-8EBE-42B1F8BDCAB3}.Debug|x64.Build.0 = Debug|Any CPU
		{27702A13-2751-4AD3-8EBE-42B1F8BDCAB3}.Debug|x86.ActiveCfg = Debug|Any CPU
		{27702A13-2751-4AD3-8EBE-42B1F8BDCAB3}.Debug|x86.Build.0 = Debug|Any CPU
		{27702A13-2751-4AD3-8EBE-42B1F8BDCAB3}.Release|Any CPU.ActiveCfg = Release|Any CPU
		{27702A13-2751-4AD3-8EBE-42B1F8BDCAB3}.Release|Any CPU.Build.0 = Release|Any CPU
		{27702A13-2751-4AD3-8EBE-42B1F8BDCAB3}.Release|x64.ActiveCfg = Release|Any CPU
		{27702A13-2751-4AD3-8EBE-42B1F8BDCAB3}.Release|x64.Build.0 = Release|Any CPU
		{27702A13-2751-4AD3-8EBE-42B1F8BDCAB3}.Release|x86.ActiveCfg = Release|Any CPU
		{27702A13-2751-4AD3-8EBE-42B1F8BDCAB3}.Release|x86.Build.0 = Release|Any CPU
	EndGlobalSection
	GlobalSection(SolutionProperties) = preSolution
		HideSolutionNode = FALSE
	EndGlobalSection
	GlobalSection(NestedProjects) = preSolution
		{27702A13-2751-4AD3-8EBE-42B1F8BDCAB3} = {0AB3BF05-4346-4AA6-1389-037BE0695223}
	EndGlobalSection
	GlobalSection(ExtensibilityGlobals) = postSolution
		SolutionGuid = {C361D6D2-A7F5-49EB-A23C-2A6A2CD54EC4}
	EndGlobalSection
EndGlobal
